// !$*UTF8*$!
{
	archiveVersion = 1;
	classes = {
	};
	objectVersion = 48;
	objects = {

/* Begin PBXBuildFile section */
		4B4E066F1FC0D5E500DC6EE2 /* AppDelegate.swift in Sources */ = {isa = PBXBuildFile; fileRef = 4B4E066E1FC0D5E500DC6EE2 /* AppDelegate.swift */; };
		4B4E06711FC0D5E500DC6EE2 /* ViewController.swift in Sources */ = {isa = PBXBuildFile; fileRef = 4B4E06701FC0D5E500DC6EE2 /* ViewController.swift */; };
		4B4E06741FC0D5E500DC6EE2 /* Main.storyboard in Resources */ = {isa = PBXBuildFile; fileRef = 4B4E06721FC0D5E500DC6EE2 /* Main.storyboard */; };
		4B4E06761FC0D5E500DC6EE2 /* Assets.xcassets in Resources */ = {isa = PBXBuildFile; fileRef = 4B4E06751FC0D5E500DC6EE2 /* Assets.xcassets */; };
		4B4E06791FC0D5E500DC6EE2 /* LaunchScreen.storyboard in Resources */ = {isa = PBXBuildFile; fileRef = 4B4E06771FC0D5E500DC6EE2 /* LaunchScreen.storyboard */; };
		4B4E06841FC0D5E600DC6EE2 /* Downloading_Web_ContentTests.swift in Sources */ = {isa = PBXBuildFile; fileRef = 4B4E06831FC0D5E600DC6EE2 /* Downloading_Web_ContentTests.swift */; };
		4B4E068F1FC0D5E600DC6EE2 /* Downloading_Web_ContentUITests.swift in Sources */ = {isa = PBXBuildFile; fileRef = 4B4E068E1FC0D5E600DC6EE2 /* Downloading_Web_ContentUITests.swift */; };
/* End PBXBuildFile section */

/* Begin PBXContainerItemProxy section */
		4B4E06801FC0D5E600DC6EE2 /* PBXContainerItemProxy */ = {
			isa = PBXContainerItemProxy;
			containerPortal = 4B4E06631FC0D5E500DC6EE2 /* Project object */;
			proxyType = 1;
			remoteGlobalIDString = 4B4E066A1FC0D5E500DC6EE2;
			remoteInfo = "Downloading Web Content";
		};
		4B4E068B1FC0D5E600DC6EE2 /* PBXContainerItemProxy */ = {
			isa = PBXContainerItemProxy;
			containerPortal = 4B4E06631FC0D5E500DC6EE2 /* Project object */;
			proxyType = 1;
			remoteGlobalIDString = 4B4E066A1FC0D5E500DC6EE2;
			remoteInfo = "Downloading Web Content";
		};
/* End PBXContainerItemProxy section */

/* Begin PBXFileReference section */
		4B4E066B1FC0D5E500DC6EE2 /* Downloading Web Content.app */ = {isa = PBXFileReference; explicitFileType = wrapper.application; includeInIndex = 0; path = "Downloading Web Content.app"; sourceTree = BUILT_PRODUCTS_DIR; };
		4B4E066E1FC0D5E500DC6EE2 /* AppDelegate.swift */ = {isa = PBXFileReference; lastKnownFileType = sourcecode.swift; path = AppDelegate.swift; sourceTree = "<group>"; };
		4B4E06701FC0D5E500DC6EE2 /* ViewController.swift */ = {isa = PBXFileReference; lastKnownFileType = sourcecode.swift; path = ViewController.swift; sourceTree = "<group>"; };
		4B4E06731FC0D5E500DC6EE2 /* Base */ = {isa = PBXFileReference; lastKnownFileType = file.storyboard; name = Base; path = Base.lproj/Main.storyboard; sourceTree = "<group>"; };
		4B4E06751FC0D5E500DC6EE2 /* Assets.xcassets */ = {isa = PBXFileReference; lastKnownFileType = folder.assetcatalog; path = Assets.xcassets; sourceTree = "<group>"; };
		4B4E06781FC0D5E500DC6EE2 /* Base */ = {isa = PBXFileReference; lastKnownFileType = file.storyboard; name = Base; path = Base.lproj/LaunchScreen.storyboard; sourceTree = "<group>"; };
		4B4E067A1FC0D5E500DC6EE2 /* Info.plist */ = {isa = PBXFileReference; lastKnownFileType = text.plist.xml; path = Info.plist; sourceTree = "<group>"; };
		4B4E067F1FC0D5E600DC6EE2 /* Downloading Web ContentTests.xctest */ = {isa = PBXFileReference; explicitFileType = wrapper.cfbundle; includeInIndex = 0; path = "Downloading Web ContentTests.xctest"; sourceTree = BUILT_PRODUCTS_DIR; };
		4B4E06831FC0D5E600DC6EE2 /* Downloading_Web_ContentTests.swift */ = {isa = PBXFileReference; lastKnownFileType = sourcecode.swift; path = Downloading_Web_ContentTests.swift; sourceTree = "<group>"; };
		4B4E06851FC0D5E600DC6EE2 /* Info.plist */ = {isa = PBXFileReference; lastKnownFileType = text.plist.xml; path = Info.plist; sourceTree = "<group>"; };
		4B4E068A1FC0D5E600DC6EE2 /* Downloading Web ContentUITests.xctest */ = {isa = PBXFileReference; explicitFileType = wrapper.cfbundle; includeInIndex = 0; path = "Downloading Web ContentUITests.xctest"; sourceTree = BUILT_PRODUCTS_DIR; };
		4B4E068E1FC0D5E600DC6EE2 /* Downloading_Web_ContentUITests.swift */ = {isa = PBXFileReference; lastKnownFileType = sourcecode.swift; path = Downloading_Web_ContentUITests.swift; sourceTree = "<group>"; };
		4B4E06901FC0D5E600DC6EE2 /* Info.plist */ = {isa = PBXFileReference; lastKnownFileType = text.plist.xml; path = Info.plist; sourceTree = "<group>"; };
/* End PBXFileReference section */

/* Begin PBXFrameworksBuildPhase section */
		4B4E06681FC0D5E500DC6EE2 /* Frameworks */ = {
			isa = PBXFrameworksBuildPhase;
			buildActionMask = 2147483647;
			files = (
			);
			runOnlyForDeploymentPostprocessing = 0;
		};
		4B4E067C1FC0D5E600DC6EE2 /* Frameworks */ = {
			isa = PBXFrameworksBuildPhase;
			buildActionMask = 2147483647;
			files = (
			);
			runOnlyForDeploymentPostprocessing = 0;
		};
		4B4E06871FC0D5E600DC6EE2 /* Frameworks */ = {
			isa = PBXFrameworksBuildPhase;
			buildActionMask = 2147483647;
			files = (
			);
			runOnlyForDeploymentPostprocessing = 0;
		};
/* End PBXFrameworksBuildPhase section */

/* Begin PBXGroup section */
		4B4E06621FC0D5E500DC6EE2 = {
			isa = PBXGroup;
			children = (
				4B4E066D1FC0D5E500DC6EE2 /* Downloading Web Content */,
				4B4E06821FC0D5E600DC6EE2 /* Downloading Web ContentTests */,
				4B4E068D1FC0D5E600DC6EE2 /* Downloading Web ContentUITests */,
				4B4E066C1FC0D5E500DC6EE2 /* Products */,
			);
			sourceTree = "<group>";
		};
		4B4E066C1FC0D5E500DC6EE2 /* Products */ = {
			isa = PBXGroup;
			children = (
				4B4E066B1FC0D5E500DC6EE2 /* Downloading Web Content.app */,
				4B4E067F1FC0D5E600DC6EE2 /* Downloading Web ContentTests.xctest */,
				4B4E068A1FC0D5E600DC6EE2 /* Downloading Web ContentUITests.xctest */,
			);
			name = Products;
			sourceTree = "<group>";
		};
		4B4E066D1FC0D5E500DC6EE2 /* Downloading Web Content */ = {
			isa = PBXGroup;
			children = (
				4B4E066E1FC0D5E500DC6EE2 /* AppDelegate.swift */,
				4B4E06701FC0D5E500DC6EE2 /* ViewController.swift */,
				4B4E06721FC0D5E500DC6EE2 /* Main.storyboard */,
				4B4E06751FC0D5E500DC6EE2 /* Assets.xcassets */,
				4B4E06771FC0D5E500DC6EE2 /* LaunchScreen.storyboard */,
				4B4E067A1FC0D5E500DC6EE2 /* Info.plist */,
			);
			path = "Downloading Web Content";
			sourceTree = "<group>";
		};
		4B4E06821FC0D5E600DC6EE2 /* Downloading Web ContentTests */ = {
			isa = PBXGroup;
			children = (
				4B4E06831FC0D5E600DC6EE2 /* Downloading_Web_ContentTests.swift */,
				4B4E06851FC0D5E600DC6EE2 /* Info.plist */,
			);
			path = "Downloading Web ContentTests";
			sourceTree = "<group>";
		};
		4B4E068D1FC0D5E600DC6EE2 /* Downloading Web ContentUITests */ = {
			isa = PBXGroup;
			children = (
				4B4E068E1FC0D5E600DC6EE2 /* Downloading_Web_ContentUITests.swift */,
				4B4E06901FC0D5E600DC6EE2 /* Info.plist */,
			);
			path = "Downloading Web ContentUITests";
			sourceTree = "<group>";
		};
/* End PBXGroup section */

/* Begin PBXNativeTarget section */
		4B4E066A1FC0D5E500DC6EE2 /* Downloading Web Content */ = {
			isa = PBXNativeTarget;
			buildConfigurationList = 4B4E06931FC0D5E600DC6EE2 /* Build configuration list for PBXNativeTarget "Downloading Web Content" */;
			buildPhases = (
				4B4E06671FC0D5E500DC6EE2 /* Sources */,
				4B4E06681FC0D5E500DC6EE2 /* Frameworks */,
				4B4E06691FC0D5E500DC6EE2 /* Resources */,
			);
			buildRules = (
			);
			dependencies = (
			);
			name = "Downloading Web Content";
			productName = "Downloading Web Content";
			productReference = 4B4E066B1FC0D5E500DC6EE2 /* Downloading Web Content.app */;
			productType = "com.apple.product-type.application";
		};
		4B4E067E1FC0D5E600DC6EE2 /* Downloading Web ContentTests */ = {
			isa = PBXNativeTarget;
			buildConfigurationList = 4B4E06961FC0D5E600DC6EE2 /* Build configuration list for PBXNativeTarget "Downloading Web ContentTests" */;
			buildPhases = (
				4B4E067B1FC0D5E600DC6EE2 /* Sources */,
				4B4E067C1FC0D5E600DC6EE2 /* Frameworks */,
				4B4E067D1FC0D5E600DC6EE2 /* Resources */,
			);
			buildRules = (
			);
			dependencies = (
				4B4E06811FC0D5E600DC6EE2 /* PBXTargetDependency */,
			);
			name = "Downloading Web ContentTests";
			productName = "Downloading Web ContentTests";
			productReference = 4B4E067F1FC0D5E600DC6EE2 /* Downloading Web ContentTests.xctest */;
			productType = "com.apple.product-type.bundle.unit-test";
		};
		4B4E06891FC0D5E600DC6EE2 /* Downloading Web ContentUITests */ = {
			isa = PBXNativeTarget;
			buildConfigurationList = 4B4E06991FC0D5E600DC6EE2 /* Build configuration list for PBXNativeTarget "Downloading Web ContentUITests" */;
			buildPhases = (
				4B4E06861FC0D5E600DC6EE2 /* Sources */,
				4B4E06871FC0D5E600DC6EE2 /* Frameworks */,
				4B4E06881FC0D5E600DC6EE2 /* Resources */,
			);
			buildRules = (
			);
			dependencies = (
				4B4E068C1FC0D5E600DC6EE2 /* PBXTargetDependency */,
			);
			name = "Downloading Web ContentUITests";
			productName = "Downloading Web ContentUITests";
			productReference = 4B4E068A1FC0D5E600DC6EE2 /* Downloading Web ContentUITests.xctest */;
			productType = "com.apple.product-type.bundle.ui-testing";
		};
/* End PBXNativeTarget section */

/* Begin PBXProject section */
		4B4E06631FC0D5E500DC6EE2 /* Project object */ = {
			isa = PBXProject;
			attributes = {
				LastSwiftUpdateCheck = 0910;
				LastUpgradeCheck = 0910;
				ORGANIZATIONNAME = "Yu Chen";
				TargetAttributes = {
					4B4E066A1FC0D5E500DC6EE2 = {
						CreatedOnToolsVersion = 9.1;
						ProvisioningStyle = Automatic;
					};
					4B4E067E1FC0D5E600DC6EE2 = {
						CreatedOnToolsVersion = 9.1;
						ProvisioningStyle = Automatic;
						TestTargetID = 4B4E066A1FC0D5E500DC6EE2;
					};
					4B4E06891FC0D5E600DC6EE2 = {
						CreatedOnToolsVersion = 9.1;
						ProvisioningStyle = Automatic;
						TestTargetID = 4B4E066A1FC0D5E500DC6EE2;
					};
				};
			};
			buildConfigurationList = 4B4E06661FC0D5E500DC6EE2 /* Build configuration list for PBXProject "Downloading Web Content" */;
			compatibilityVersion = "Xcode 8.0";
			developmentRegion = en;
			hasScannedForEncodings = 0;
			knownRegions = (
				en,
				Base,
			);
			mainGroup = 4B4E06621FC0D5E500DC6EE2;
			productRefGroup = 4B4E066C1FC0D5E500DC6EE2 /* Products */;
			projectDirPath = "";
			projectRoot = "";
			targets = (
				4B4E066A1FC0D5E500DC6EE2 /* Downloading Web Content */,
				4B4E067E1FC0D5E600DC6EE2 /* Downloading Web ContentTests */,
				4B4E06891FC0D5E600DC6EE2 /* Downloading Web ContentUITests */,
			);
		};
/* End PBXProject section */

/* Begin PBXResourcesBuildPhase section */
		4B4E06691FC0D5E500DC6EE2 /* Resources */ = {
			isa = PBXResourcesBuildPhase;
			buildActionMask = 2147483647;
			files = (
				4B4E06791FC0D5E500DC6EE2 /* LaunchScreen.storyboard in Resources */,
				4B4E06761FC0D5E500DC6EE2 /* Assets.xcassets in Resources */,
				4B4E06741FC0D5E500DC6EE2 /* Main.storyboard in Resources */,
			);
			runOnlyForDeploymentPostprocessing = 0;
		};
		4B4E067D1FC0D5E600DC6EE2 /* Resources */ = {
			isa = PBXResourcesBuildPhase;
			buildActionMask = 2147483647;
			files = (
			);
			runOnlyForDeploymentPostprocessing = 0;
		};
		4B4E06881FC0D5E600DC6EE2 /* Resources */ = {
			isa = PBXResourcesBuildPhase;
			buildActionMask = 2147483647;
			files = (
			);
			runOnlyForDeploymentPostprocessing = 0;
		};
/* End PBXResourcesBuildPhase section */

/* Begin PBXSourcesBuildPhase section */
		4B4E06671FC0D5E500DC6EE2 /* Sources */ = {
			isa = PBXSourcesBuildPhase;
			buildActionMask = 2147483647;
			files = (
				4B4E06711FC0D5E500DC6EE2 /* ViewController.swift in Sources */,
				4B4E066F1FC0D5E500DC6EE2 /* AppDelegate.swift in Sources */,
			);
			runOnlyForDeploymentPostprocessing = 0;
		};
		4B4E067B1FC0D5E600DC6EE2 /* Sources */ = {
			isa = PBXSourcesBuildPhase;
			buildActionMask = 2147483647;
			files = (
				4B4E06841FC0D5E600DC6EE2 /* Downloading_Web_ContentTests.swift in Sources */,
			);
			runOnlyForDeploymentPostprocessing = 0;
		};
		4B4E06861FC0D5E600DC6EE2 /* Sources */ = {
			isa = PBXSourcesBuildPhase;
			buildActionMask = 2147483647;
			files = (
				4B4E068F1FC0D5E600DC6EE2 /* Downloading_Web_ContentUITests.swift in Sources */,
			);
			runOnlyForDeploymentPostprocessing = 0;
		};
/* End PBXSourcesBuildPhase section */

/* Begin PBXTargetDependency section */
		4B4E06811FC0D5E600DC6EE2 /* PBXTargetDependency */ = {
			isa = PBXTargetDependency;
			target = 4B4E066A1FC0D5E500DC6EE2 /* Downloading Web Content */;
			targetProxy = 4B4E06801FC0D5E600DC6EE2 /* PBXContainerItemProxy */;
		};
		4B4E068C1FC0D5E600DC6EE2 /* PBXTargetDependency */ = {
			isa = PBXTargetDependency;
			target = 4B4E066A1FC0D5E500DC6EE2 /* Downloading Web Content */;
			targetProxy = 4B4E068B1FC0D5E600DC6EE2 /* PBXContainerItemProxy */;
		};
/* End PBXTargetDependency section */

/* Begin PBXVariantGroup section */
		4B4E06721FC0D5E500DC6EE2 /* Main.storyboard */ = {
			isa = PBXVariantGroup;
			children = (
				4B4E06731FC0D5E500DC6EE2 /* Base */,
			);
			name = Main.storyboard;
			sourceTree = "<group>";
		};
		4B4E06771FC0D5E500DC6EE2 /* LaunchScreen.storyboard */ = {
			isa = PBXVariantGroup;
			children = (
				4B4E06781FC0D5E500DC6EE2 /* Base */,
			);
			name = LaunchScreen.storyboard;
			sourceTree = "<group>";
		};
/* End PBXVariantGroup section */

/* Begin XCBuildConfiguration section */
		4B4E06911FC0D5E600DC6EE2 /* Debug */ = {
			isa = XCBuildConfiguration;
			buildSettings = {
				ALWAYS_SEARCH_USER_PATHS = NO;
				CLANG_ANALYZER_NONNULL = YES;
				CLANG_ANALYZER_NUMBER_OBJECT_CONVERSION = YES_AGGRESSIVE;
				CLANG_CXX_LANGUAGE_STANDARD = "gnu++14";
				CLANG_CXX_LIBRARY = "libc++";
				CLANG_ENABLE_MODULES = YES;
				CLANG_ENABLE_OBJC_ARC = YES;
				CLANG_WARN_BLOCK_CAPTURE_AUTORELEASING = YES;
				CLANG_WARN_BOOL_CONVERSION = YES;
				CLANG_WARN_COMMA = YES;
				CLANG_WARN_CONSTANT_CONVERSION = YES;
				CLANG_WARN_DIRECT_OBJC_ISA_USAGE = YES_ERROR;
				CLANG_WARN_DOCUMENTATION_COMMENTS = YES;
				CLANG_WARN_EMPTY_BODY = YES;
				CLANG_WARN_ENUM_CONVERSION = YES;
				CLANG_WARN_INFINITE_RECURSION = YES;
				CLANG_WARN_INT_CONVERSION = YES;
				CLANG_WARN_NON_LITERAL_NULL_CONVERSION = YES;
				CLANG_WARN_OBJC_LITERAL_CONVERSION = YES;
				CLANG_WARN_OBJC_ROOT_CLASS = YES_ERROR;
				CLANG_WARN_RANGE_LOOP_ANALYSIS = YES;
				CLANG_WARN_STRICT_PROTOTYPES = YES;
				CLANG_WARN_SUSPICIOUS_MOVE = YES;
				CLANG_WARN_UNGUARDED_AVAILABILITY = YES_AGGRESSIVE;
				CLANG_WARN_UNREACHABLE_CODE = YES;
				CLANG_WARN__DUPLICATE_METHOD_MATCH = YES;
				CODE_SIGN_IDENTITY = "iPhone Developer";
				COPY_PHASE_STRIP = NO;
				DEBUG_INFORMATION_FORMAT = dwarf;
				ENABLE_STRICT_OBJC_MSGSEND = YES;
				ENABLE_TESTABILITY = YES;
				GCC_C_LANGUAGE_STANDARD = gnu11;
				GCC_DYNAMIC_NO_PIC = NO;
				GCC_NO_COMMON_BLOCKS = YES;
				GCC_OPTIMIZATION_LEVEL = 0;
				GCC_PREPROCESSOR_DEFINITIONS = (
					"DEBUG=1",
					"$(inherited)",
				);
				GCC_WARN_64_TO_32_BIT_CONVERSION = YES;
				GCC_WARN_ABOUT_RETURN_TYPE = YES_ERROR;
				GCC_WARN_UNDECLARED_SELECTOR = YES;
				GCC_WARN_UNINITIALIZED_AUTOS = YES_AGGRESSIVE;
				GCC_WARN_UNUSED_FUNCTION = YES;
				GCC_WARN_UNUSED_VARIABLE = YES;
				IPHONEOS_DEPLOYMENT_TARGET = 11.1;
				MTL_ENABLE_DEBUG_INFO = YES;
				ONLY_ACTIVE_ARCH = YES;
				SDKROOT = iphoneos;
				SWIFT_ACTIVE_COMPILATION_CONDITIONS = DEBUG;
				SWIFT_OPTIMIZATION_LEVEL = "-Onone";
			};
			name = Debug;
		};
		4B4E06921FC0D5E600DC6EE2 /* Release */ = {
			isa = XCBuildConfiguration;
			buildSettings = {
				ALWAYS_SEARCH_USER_PATHS = NO;
				CLANG_ANALYZER_NONNULL = YES;
				CLANG_ANALYZER_NUMBER_OBJECT_CONVERSION = YES_AGGRESSIVE;
				CLANG_CXX_LANGUAGE_STANDARD = "gnu++14";
				CLANG_CXX_LIBRARY = "libc++";
				CLANG_ENABLE_MODULES = YES;
				CLANG_ENABLE_OBJC_ARC = YES;
				CLANG_WARN_BLOCK_CAPTURE_AUTORELEASING = YES;
				CLANG_WARN_BOOL_CONVERSION = YES;
				CLANG_WARN_COMMA = YES;
				CLANG_WARN_CONSTANT_CONVERSION = YES;
				CLANG_WARN_DIRECT_OBJC_ISA_USAGE = YES_ERROR;
				CLANG_WARN_DOCUMENTATION_COMMENTS = YES;
				CLANG_WARN_EMPTY_BODY = YES;
				CLANG_WARN_ENUM_CONVERSION = YES;
				CLANG_WARN_INFINITE_RECURSION = YES;
				CLANG_WARN_INT_CONVERSION = YES;
				CLANG_WARN_NON_LITERAL_NULL_CONVERSION = YES;
				CLANG_WARN_OBJC_LITERAL_CONVERSION = YES;
				CLANG_WARN_OBJC_ROOT_CLASS = YES_ERROR;
				CLANG_WARN_RANGE_LOOP_ANALYSIS = YES;
				CLANG_WARN_STRICT_PROTOTYPES = YES;
				CLANG_WARN_SUSPICIOUS_MOVE = YES;
				CLANG_WARN_UNGUARDED_AVAILABILITY = YES_AGGRESSIVE;
				CLANG_WARN_UNREACHABLE_CODE = YES;
				CLANG_WARN__DUPLICATE_METHOD_MATCH = YES;
				CODE_SIGN_IDENTITY = "iPhone Developer";
				COPY_PHASE_STRIP = NO;
				DEBUG_INFORMATION_FORMAT = "dwarf-with-dsym";
				ENABLE_NS_ASSERTIONS = NO;
				ENABLE_STRICT_OBJC_MSGSEND = YES;
				GCC_C_LANGUAGE_STANDARD = gnu11;
				GCC_NO_COMMON_BLOCKS = YES;
				GCC_WARN_64_TO_32_BIT_CONVERSION = YES;
				GCC_WARN_ABOUT_RETURN_TYPE = YES_ERROR;
				GCC_WARN_UNDECLARED_SELECTOR = YES;
				GCC_WARN_UNINITIALIZED_AUTOS = YES_AGGRESSIVE;
				GCC_WARN_UNUSED_FUNCTION = YES;
				GCC_WARN_UNUSED_VARIABLE = YES;
				IPHONEOS_DEPLOYMENT_TARGET = 11.1;
				MTL_ENABLE_DEBUG_INFO = NO;
				SDKROOT = iphoneos;
				SWIFT_OPTIMIZATION_LEVEL = "-Owholemodule";
				VALIDATE_PRODUCT = YES;
			};
			name = Release;
		};
		4B4E06941FC0D5E600DC6EE2 /* Debug */ = {
			isa = XCBuildConfiguration;
			buildSettings = {
				ASSETCATALOG_COMPILER_APPICON_NAME = AppIcon;
				CODE_SIGN_STYLE = Automatic;
				INFOPLIST_FILE = "Downloading Web Content/Info.plist";
				LD_RUNPATH_SEARCH_PATHS = "$(inherited) @executable_path/Frameworks";
				PRODUCT_BUNDLE_IDENTIFIER = "phoenix.Downloading-Web-Content";
				PRODUCT_NAME = "$(TARGET_NAME)";
				SWIFT_VERSION = 4.0;
				TARGETED_DEVICE_FAMILY = "1,2";
			};
			name = Debug;
		};
		4B4E06951FC0D5E600DC6EE2 /* Release */ = {
			isa = XCBuildConfiguration;
			buildSettings = {
				ASSETCATALOG_COMPILER_APPICON_NAME = AppIcon;
				CODE_SIGN_STYLE = Automatic;
				INFOPLIST_FILE = "Downloading Web Content/Info.plist";
				LD_RUNPATH_SEARCH_PATHS = "$(inherited) @executable_path/Frameworks";
				PRODUCT_BUNDLE_IDENTIFIER = "phoenix.Downloading-Web-Content";
				PRODUCT_NAME = "$(TARGET_NAME)";
				SWIFT_VERSION = 4.0;
				TARGETED_DEVICE_FAMILY = "1,2";
			};
			name = Release;
		};
		4B4E06971FC0D5E600DC6EE2 /* Debug */ = {
			isa = XCBuildConfiguration;
			buildSettings = {
				ALWAYS_EMBED_SWIFT_STANDARD_LIBRARIES = YES;
				BUNDLE_LOADER = "$(TEST_HOST)";
				CODE_SIGN_STYLE = Automatic;
				INFOPLIST_FILE = "Downloading Web ContentTests/Info.plist";
				LD_RUNPATH_SEARCH_PATHS = "$(inherited) @executable_path/Frameworks @loader_path/Frameworks";
				PRODUCT_BUNDLE_IDENTIFIER = "phoenix.Downloading-Web-ContentTests";
				PRODUCT_NAME = "$(TARGET_NAME)";
				SWIFT_VERSION = 4.0;
				TARGETED_DEVICE_FAMILY = "1,2";
				TEST_HOST = "$(BUILT_PRODUCTS_DIR)/Downloading Web Content.app/Downloading Web Content";
			};
			name = Debug;
		};
		4B4E06981FC0D5E600DC6EE2 /* Release */ = {
			isa = XCBuildConfiguration;
			buildSettings = {
				ALWAYS_EMBED_SWIFT_STANDARD_LIBRARIES = YES;
				BUNDLE_LOADER = "$(TEST_HOST)";
				CODE_SIGN_STYLE = Automatic;
				INFOPLIST_FILE = "Downloading Web ContentTests/Info.plist";
				LD_RUNPATH_SEARCH_PATHS = "$(inherited) @executable_path/Frameworks @loader_path/Frameworks";
				PRODUCT_BUNDLE_IDENTIFIER = "phoenix.Downloading-Web-ContentTests";
				PRODUCT_NAME = "$(TARGET_NAME)";
				SWIFT_VERSION = 4.0;
				TARGETED_DEVICE_FAMILY = "1,2";
				TEST_HOST = "$(BUILT_PRODUCTS_DIR)/Downloading Web Content.app/Downloading Web Content";
			};
			name = Release;
		};
		4B4E069A1FC0D5E600DC6EE2 /* Debug */ = {
			isa = XCBuildConfiguration;
			buildSettings = {
				ALWAYS_EMBED_SWIFT_STANDARD_LIBRARIES = YES;
				CODE_SIGN_STYLE = Automatic;
				INFOPLIST_FILE = "Downloading Web ContentUITests/Info.plist";
				LD_RUNPATH_SEARCH_PATHS = "$(inherited) @executable_path/Frameworks @loader_path/Frameworks";
				PRODUCT_BUNDLE_IDENTIFIER = "phoenix.Downloading-Web-ContentUITests";
				PRODUCT_NAME = "$(TARGET_NAME)";
				SWIFT_VERSION = 4.0;
				TARGETED_DEVICE_FAMILY = "1,2";
				TEST_TARGET_NAME = "Downloading Web Content";
			};
			name = Debug;
		};
		4B4E069B1FC0D5E600DC6EE2 /* Release */ = {
			isa = XCBuildConfiguration;
			buildSettings = {
				ALWAYS_EMBED_SWIFT_STANDARD_LIBRARIES = YES;
				CODE_SIGN_STYLE = Automatic;
				INFOPLIST_FILE = "Downloading Web ContentUITests/Info.plist";
				LD_RUNPATH_SEARCH_PATHS = "$(inherited) @executable_path/Frameworks @loader_path/Frameworks";
				PRODUCT_BUNDLE_IDENTIFIER = "phoenix.Downloading-Web-ContentUITests";
				PRODUCT_NAME = "$(TARGET_NAME)";
				SWIFT_VERSION = 4.0;
				TARGETED_DEVICE_FAMILY = "1,2";
				TEST_TARGET_NAME = "Downloading Web Content";
			};
			name = Release;
		};
/* End XCBuildConfiguration section */

/* Begin XCConfigurationList section */
		4B4E06661FC0D5E500DC6EE2 /* Build configuration list for PBXProject "Downloading Web Content" */ = {
			isa = XCConfigurationList;
			buildConfigurations = (
				4B4E06911FC0D5E600DC6EE2 /* Debug */,
				4B4E06921FC0D5E600DC6EE2 /* Release */,
			);
			defaultConfigurationIsVisible = 0;
			defaultConfigurationName = Release;
		};
		4B4E06931FC0D5E600DC6EE2 /* Build configuration list for PBXNativeTarget "Downloading Web Content" */ = {
			isa = XCConfigurationList;
			buildConfigurations = (
				4B4E06941FC0D5E600DC6EE2 /* Debug */,
				4B4E06951FC0D5E600DC6EE2 /* Release */,
			);
			defaultConfigurationIsVisible = 0;
			defaultConfigurationName = Release;
		};
		4B4E06961FC0D5E600DC6EE2 /* Build configuration list for PBXNativeTarget "Downloading Web ContentTests" */ = {
			isa = XCConfigurationList;
			buildConfigurations = (
				4B4E06971FC0D5E600DC6EE2 /* Debug */,
				4B4E06981FC0D5E600DC6EE2 /* Release */,
			);
			defaultConfigurationIsVisible = 0;
			defaultConfigurationName = Release;
		};
		4B4E06991FC0D5E600DC6EE2 /* Build configuration list for PBXNativeTarget "Downloading Web ContentUITests" */ = {
			isa = XCConfigurationList;
			buildConfigurations = (
				4B4E069A1FC0D5E600DC6EE2 /* Debug */,
				4B4E069B1FC0D5E600DC6EE2 /* Release */,
			);
			defaultConfigurationIsVisible = 0;
			defaultConfigurationName = Release;
		};
/* End XCConfigurationList section */
	};
	rootObject = 4B4E06631FC0D5E500DC6EE2 /* Project object */;
}
